
Microsoft Visual Studio Solution File, Format Version 12.00
Project("{FAE04EC0-301F-11D3-BF4B-00C04F79EFBC}") = "MmoooPlugin", "MmoooPlugin.csproj", "{F7EA2A05-8777-4C94-AB86-725BEB4D0616}"
EndProject
Global
	GlobalSection(SolutionConfigurationPlatforms) = preSolution
		Debug|Any CPU = Debug|Any CPU
		Release|Any CPU = Release|Any CPU
	EndGlobalSection
	GlobalSection(ProjectConfigurationPlatforms) = postSolution
		{F7EA2A05-8777-4C94-AB86-725BEB4D0616}.Debug|Any CPU.ActiveCfg = Debug|Any CPU
		{F7EA2A05-8777-4C94-AB86-725BEB4D0616}.Debug|Any CPU.Build.0 = Debug|Any CPU
		{F7EA2A05-8777-4C94-AB86-725BEB4D0616}.Release|Any CPU.ActiveCfg = Release|Any CPU
		{F7EA2A05-8777-4C94-AB86-725BEB4D0616}.Release|Any CPU.Build.0 = Release|Any CPU
	EndGlobalSection
EndGlobal
